# This file is automatically @generated by Cargo.
# It is not intended for manual editing.
[[package]]
name = "android_glue"
version = "0.2.3"
source = "git+https://github.com/rust-windowing/android-rs-glue.git?branch=eventloop-2.0-overhaul#34c5159ff5be4514240c9e833aa16bf06ff8f3c9"
dependencies = [
 "num_enum 0.2.3 (registry+https://github.com/rust-lang/crates.io-index)",
]

[[package]]
name = "glue-test"
version = "0.1.0"
dependencies = [
 "android_glue 0.2.3 (git+https://github.com/rust-windowing/android-rs-glue.git?branch=eventloop-2.0-overhaul)",
]

[[package]]
name = "num_enum"
version = "0.2.3"
source = "registry+https://github.com/rust-lang/crates.io-index"
dependencies = [
 "proc-macro2 0.4.30 (registry+https://github.com/rust-lang/crates.io-index)",
 "quote 0.6.12 (registry+https://github.com/rust-lang/crates.io-index)",
 "syn 0.15.39 (registry+https://github.com/rust-lang/crates.io-index)",
]

[[package]]
name = "proc-macro2"
version = "0.4.30"
source = "registry+https://github.com/rust-lang/crates.io-index"
dependencies = [
 "unicode-xid 0.1.0 (registry+https://github.com/rust-lang/crates.io-index)",
]

[[package]]
name = "quote"
version = "0.6.12"
source = "registry+https://github.com/rust-lang/crates.io-index"
dependencies = [
 "proc-macro2 0.4.30 (registry+https://github.com/rust-lang/crates.io-index)",
]

[[package]]
name = "syn"
version = "0.15.39"
source = "registry+https://github.com/rust-lang/crates.io-index"
dependencies = [
 "proc-macro2 0.4.30 (registry+https://github.com/rust-lang/crates.io-index)",
 "quote 0.6.12 (registry+https://github.com/rust-lang/crates.io-index)",
 "unicode-xid 0.1.0 (registry+https://github.com/rust-lang/crates.io-index)",
]

[[package]]
name = "unicode-xid"
version = "0.1.0"
source = "registry+https://github.com/rust-lang/crates.io-index"

[metadata]
"checksum android_glue 0.2.3 (git+https://github.com/rust-windowing/android-rs-glue.git?branch=eventloop-2.0-overhaul)" = "<none>"
"checksum num_enum 0.2.3 (registry+https://github.com/rust-lang/crates.io-index)" = "fae2a63210048cf77ceb6031b3f87ac69e4a68cfaacb17a0261e141c4bc8467b"
"checksum proc-macro2 0.4.30 (registry+https://github.com/rust-lang/crates.io-index)" = "cf3d2011ab5c909338f7887f4fc896d35932e29146c12c8d01da6b22a80ba759"
"checksum quote 0.6.12 (registry+https://github.com/rust-lang/crates.io-index)" = "faf4799c5d274f3868a4aae320a0a182cbd2baee377b378f080e16a23e9d80db"
"checksum syn 0.15.39 (registry+https://github.com/rust-lang/crates.io-index)" = "b4d960b829a55e56db167e861ddb43602c003c7be0bee1d345021703fac2fb7c"
"checksum unicode-xid 0.1.0 (registry+https://github.com/rust-lang/crates.io-index)" = "fc72304796d0818e357ead4e000d19c9c174ab23dc11093ac919054d20a6a7fc"
